
Microsoft Visual Studio Solution File, Format Version 12.00
# Visual Studio Version 17
VisualStudioVersion = 17.3.32922.545
MinimumVisualStudioVersion = 10.0.40219.1
Project("{FAE04EC0-301F-11D3-BF4B-00C04F79EFBC}") = "Kino", "Kino\Kino.csproj", "{D473C647-E9F8-4B10-AAD4-1221A8958422}"
EndProject
Global
	GlobalSection(SolutionConfigurationPlatforms) = preSolution
		Debug|Any CPU = Debug|Any CPU
		Release|Any CPU = Release|Any CPU
	EndGlobalSection
	GlobalSection(ProjectConfigurationPlatforms) = postSolution
		{D473C647-E9F8-4B10-AAD4-1221A8958422}.Debug|Any CPU.ActiveCfg = Debug|Any CPU
		{D473C647-E9F8-4B10-AAD4-1221A8958422}.Debug|Any CPU.Build.0 = Debug|Any CPU
		{D473C647-E9F8-4B10-AAD4-1221A8958422}.Release|Any CPU.ActiveCfg = Release|Any CPU
		{D473C647-E9F8-4B10-AAD4-1221A8958422}.Release|Any CPU.Build.0 = Release|Any CPU
	EndGlobalSection
	GlobalSection(SolutionProperties) = preSolution
		HideSolutionNode = FALSE
	EndGlobalSection
	GlobalSection(ExtensibilityGlobals) = postSolution
		SolutionGuid = {1E9F8404-EC0C-4D90-AF32-21EC546FF512}
	EndGlobalSection
EndGlobal
